// !$*UTF8*$!
{
	archiveVersion = 1;
	classes = {
	};
	objectVersion = 56;
	objects = {

/* Begin PBXBuildFile section */
		D04D35C12A8D417900EA2693 /* DevicesDetailView.swift in Sources */ = {isa = PBXBuildFile; fileRef = D04D35C02A8D417900EA2693 /* DevicesDetailView.swift */; };
		D04D35C32A8D475B00EA2693 /* ListView.swift in Sources */ = {isa = PBXBuildFile; fileRef = D04D35C22A8D475B00EA2693 /* ListView.swift */; };
		D04D35C52A8D588900EA2693 /* ServiceDetailCard.swift in Sources */ = {isa = PBXBuildFile; fileRef = D04D35C42A8D588900EA2693 /* ServiceDetailCard.swift */; };
		D04D35C72A8D5ABC00EA2693 /* ServiceDetailCardScrollView.swift in Sources */ = {isa = PBXBuildFile; fileRef = D04D35C62A8D5ABC00EA2693 /* ServiceDetailCardScrollView.swift */; };
		D04D35CA2A8D60E600EA2693 /* SupportToolsDeviceDetailModel.swift in Sources */ = {isa = PBXBuildFile; fileRef = D04D35C92A8D60E600EA2693 /* SupportToolsDeviceDetailModel.swift */; };
		D04D35CC2A8D626600EA2693 /* SupportToolsDeviceDetailViewModel.swift in Sources */ = {isa = PBXBuildFile; fileRef = D04D35CB2A8D626600EA2693 /* SupportToolsDeviceDetailViewModel.swift */; };
		D04D35CE2A8D641E00EA2693 /* SupportToolsDetailDeviceCards.swift in Sources */ = {isa = PBXBuildFile; fileRef = D04D35CD2A8D641E00EA2693 /* SupportToolsDetailDeviceCards.swift */; };
		D04D35D02A8D666E00EA2693 /* SupportToolsDeviceDetailList.swift in Sources */ = {isa = PBXBuildFile; fileRef = D04D35CF2A8D666E00EA2693 /* SupportToolsDeviceDetailList.swift */; };
		D05385762A8C0B920066DA07 /* DeviceViewModel.swift in Sources */ = {isa = PBXBuildFile; fileRef = D05385752A8C0B920066DA07 /* DeviceViewModel.swift */; };
		D05385782A8C0BA40066DA07 /* ServiceViewModel.swift in Sources */ = {isa = PBXBuildFile; fileRef = D05385772A8C0BA40066DA07 /* ServiceViewModel.swift */; };
		D053857A2A8C0BB40066DA07 /* ProductsViewModel.swift in Sources */ = {isa = PBXBuildFile; fileRef = D05385792A8C0BB40066DA07 /* ProductsViewModel.swift */; };
		D053857D2A8C0BDD0066DA07 /* DeviceModel.swift in Sources */ = {isa = PBXBuildFile; fileRef = D053857C2A8C0BDD0066DA07 /* DeviceModel.swift */; };
		D053857F2A8C0BF00066DA07 /* ServiceModel.swift in Sources */ = {isa = PBXBuildFile; fileRef = D053857E2A8C0BF00066DA07 /* ServiceModel.swift */; };
		D05385812A8C0C080066DA07 /* ProductModel.swift in Sources */ = {isa = PBXBuildFile; fileRef = D05385802A8C0C080066DA07 /* ProductModel.swift */; };
		D05385852A8C0C5A0066DA07 /* SupportView.swift in Sources */ = {isa = PBXBuildFile; fileRef = D05385842A8C0C5A0066DA07 /* SupportView.swift */; };
		D05385872A8C0C690066DA07 /* MapView.swift in Sources */ = {isa = PBXBuildFile; fileRef = D05385862A8C0C690066DA07 /* MapView.swift */; };
		D05385892A8C0C760066DA07 /* ActivityView.swift in Sources */ = {isa = PBXBuildFile; fileRef = D05385882A8C0C760066DA07 /* ActivityView.swift */; };
		D053858B2A8C0C8C0066DA07 /* MapSearchView.swift in Sources */ = {isa = PBXBuildFile; fileRef = D053858A2A8C0C8C0066DA07 /* MapSearchView.swift */; };
		D053858D2A8C0C9D0066DA07 /* MapListView.swift in Sources */ = {isa = PBXBuildFile; fileRef = D053858C2A8C0C9D0066DA07 /* MapListView.swift */; };
		D053858F2A8C0CAC0066DA07 /* ProductListView.swift in Sources */ = {isa = PBXBuildFile; fileRef = D053858E2A8C0CAC0066DA07 /* ProductListView.swift */; };
		D05385932A8C0CDC0066DA07 /* Subscriptions.swift in Sources */ = {isa = PBXBuildFile; fileRef = D05385922A8C0CDC0066DA07 /* Subscriptions.swift */; };
		D05385952A8C0CEB0066DA07 /* Coverage.swift in Sources */ = {isa = PBXBuildFile; fileRef = D05385942A8C0CEB0066DA07 /* Coverage.swift */; };
		D05385972A8C0CFD0066DA07 /* DeviceView.swift in Sources */ = {isa = PBXBuildFile; fileRef = D05385962A8C0CFD0066DA07 /* DeviceView.swift */; };
		D05385992A8C0D130066DA07 /* ServiceView.swift in Sources */ = {isa = PBXBuildFile; fileRef = D05385982A8C0D130066DA07 /* ServiceView.swift */; };
		D053859B2A8C0D620066DA07 /* Password.swift in Sources */ = {isa = PBXBuildFile; fileRef = D053859A2A8C0D620066DA07 /* Password.swift */; };
		D053859E2A8C0D9F0066DA07 /* ShowListButton.swift in Sources */ = {isa = PBXBuildFile; fileRef = D053859D2A8C0D9F0066DA07 /* ShowListButton.swift */; };
		D05385A02A8C0DB50066DA07 /* SearchHereButton.swift in Sources */ = {isa = PBXBuildFile; fileRef = D053859F2A8C0DB50066DA07 /* SearchHereButton.swift */; };
		D05385A22A8C0DC60066DA07 /* SupportBar.swift in Sources */ = {isa = PBXBuildFile; fileRef = D05385A12A8C0DC60066DA07 /* SupportBar.swift */; };
		D05385A42A8C0DD70066DA07 /* DevicesCard.swift in Sources */ = {isa = PBXBuildFile; fileRef = D05385A32A8C0DD70066DA07 /* DevicesCard.swift */; };
		D05385A62A8C0DE70066DA07 /* SupportToolsButtons.swift in Sources */ = {isa = PBXBuildFile; fileRef = D05385A52A8C0DE70066DA07 /* SupportToolsButtons.swift */; };
		D05385A82A8C0DF30066DA07 /* divider.swift in Sources */ = {isa = PBXBuildFile; fileRef = D05385A72A8C0DF30066DA07 /* divider.swift */; };
		D05385AA2A8C0E020066DA07 /* ServiceCard.swift in Sources */ = {isa = PBXBuildFile; fileRef = D05385A92A8C0E020066DA07 /* ServiceCard.swift */; };
		D05385AC2A8C0E120066DA07 /* Scroll VIew.swift in Sources */ = {isa = PBXBuildFile; fileRef = D05385AB2A8C0E120066DA07 /* Scroll VIew.swift */; };
		D05385AE2A8C0E220066DA07 /* ServicesScrollView.swift in Sources */ = {isa = PBXBuildFile; fileRef = D05385AD2A8C0E220066DA07 /* ServicesScrollView.swift */; };
		D05385B02A8C0E310066DA07 /* ProductsScrollView.swift in Sources */ = {isa = PBXBuildFile; fileRef = D05385AF2A8C0E310066DA07 /* ProductsScrollView.swift */; };
		D05385B22A8C0E3E0066DA07 /* ProductCard.swift in Sources */ = {isa = PBXBuildFile; fileRef = D05385B12A8C0E3E0066DA07 /* ProductCard.swift */; };
		D07186332A8C12F400D6F600 /* ProfileView.swift in Sources */ = {isa = PBXBuildFile; fileRef = D07186322A8C12F400D6F600 /* ProfileView.swift */; };
		D0D360582A8C07770078C18A /* SupportAppApp.swift in Sources */ = {isa = PBXBuildFile; fileRef = D0D360572A8C07770078C18A /* SupportAppApp.swift */; };
		D0D3605A2A8C07770078C18A /* ContentView.swift in Sources */ = {isa = PBXBuildFile; fileRef = D0D360592A8C07770078C18A /* ContentView.swift */; };
		D0D3605C2A8C07780078C18A /* Assets.xcassets in Resources */ = {isa = PBXBuildFile; fileRef = D0D3605B2A8C07780078C18A /* Assets.xcassets */; };
		D0D3605F2A8C07780078C18A /* Preview Assets.xcassets in Resources */ = {isa = PBXBuildFile; fileRef = D0D3605E2A8C07780078C18A /* Preview Assets.xcassets */; };
		FD2374572A8C123800CF0147 /* DevicesSheetView.swift in Sources */ = {isa = PBXBuildFile; fileRef = FD2374562A8C123800CF0147 /* DevicesSheetView.swift */; };
		FD2374592A8C1B4600CF0147 /* ServiceSheetView.swift in Sources */ = {isa = PBXBuildFile; fileRef = FD2374582A8C1B4600CF0147 /* ServiceSheetView.swift */; };
		FD23745B2A8D346000CF0147 /* MoreProductsView.swift in Sources */ = {isa = PBXBuildFile; fileRef = FD23745A2A8D346000CF0147 /* MoreProductsView.swift */; };
/* End PBXBuildFile section */

/* Begin PBXFileReference section */
		D04D35C02A8D417900EA2693 /* DevicesDetailView.swift */ = {isa = PBXFileReference; lastKnownFileType = sourcecode.swift; path = DevicesDetailView.swift; sourceTree = "<group>"; };
		D04D35C22A8D475B00EA2693 /* ListView.swift */ = {isa = PBXFileReference; lastKnownFileType = sourcecode.swift; path = ListView.swift; sourceTree = "<group>"; };
		D04D35C42A8D588900EA2693 /* ServiceDetailCard.swift */ = {isa = PBXFileReference; lastKnownFileType = sourcecode.swift; path = ServiceDetailCard.swift; sourceTree = "<group>"; };
		D04D35C62A8D5ABC00EA2693 /* ServiceDetailCardScrollView.swift */ = {isa = PBXFileReference; lastKnownFileType = sourcecode.swift; path = ServiceDetailCardScrollView.swift; sourceTree = "<group>"; };
		D04D35C92A8D60E600EA2693 /* SupportToolsDeviceDetailModel.swift */ = {isa = PBXFileReference; lastKnownFileType = sourcecode.swift; path = SupportToolsDeviceDetailModel.swift; sourceTree = "<group>"; };
		D04D35CB2A8D626600EA2693 /* SupportToolsDeviceDetailViewModel.swift */ = {isa = PBXFileReference; lastKnownFileType = sourcecode.swift; path = SupportToolsDeviceDetailViewModel.swift; sourceTree = "<group>"; };
		D04D35CD2A8D641E00EA2693 /* SupportToolsDetailDeviceCards.swift */ = {isa = PBXFileReference; lastKnownFileType = sourcecode.swift; path = SupportToolsDetailDeviceCards.swift; sourceTree = "<group>"; };
		D04D35CF2A8D666E00EA2693 /* SupportToolsDeviceDetailList.swift */ = {isa = PBXFileReference; lastKnownFileType = sourcecode.swift; path = SupportToolsDeviceDetailList.swift; sourceTree = "<group>"; };
		D05385752A8C0B920066DA07 /* DeviceViewModel.swift */ = {isa = PBXFileReference; lastKnownFileType = sourcecode.swift; path = DeviceViewModel.swift; sourceTree = "<group>"; };
		D05385772A8C0BA40066DA07 /* ServiceViewModel.swift */ = {isa = PBXFileReference; lastKnownFileType = sourcecode.swift; path = ServiceViewModel.swift; sourceTree = "<group>"; };
		D05385792A8C0BB40066DA07 /* ProductsViewModel.swift */ = {isa = PBXFileReference; lastKnownFileType = sourcecode.swift; path = ProductsViewModel.swift; sourceTree = "<group>"; };
		D053857C2A8C0BDD0066DA07 /* DeviceModel.swift */ = {isa = PBXFileReference; lastKnownFileType = sourcecode.swift; path = DeviceModel.swift; sourceTree = "<group>"; };
		D053857E2A8C0BF00066DA07 /* ServiceModel.swift */ = {isa = PBXFileReference; lastKnownFileType = sourcecode.swift; path = ServiceModel.swift; sourceTree = "<group>"; };
		D05385802A8C0C080066DA07 /* ProductModel.swift */ = {isa = PBXFileReference; lastKnownFileType = sourcecode.swift; path = ProductModel.swift; sourceTree = "<group>"; };
		D05385842A8C0C5A0066DA07 /* SupportView.swift */ = {isa = PBXFileReference; lastKnownFileType = sourcecode.swift; path = SupportView.swift; sourceTree = "<group>"; };
		D05385862A8C0C690066DA07 /* MapView.swift */ = {isa = PBXFileReference; lastKnownFileType = sourcecode.swift; path = MapView.swift; sourceTree = "<group>"; };
		D05385882A8C0C760066DA07 /* ActivityView.swift */ = {isa = PBXFileReference; lastKnownFileType = sourcecode.swift; path = ActivityView.swift; sourceTree = "<group>"; };
		D053858A2A8C0C8C0066DA07 /* MapSearchView.swift */ = {isa = PBXFileReference; lastKnownFileType = sourcecode.swift; path = MapSearchView.swift; sourceTree = "<group>"; };
		D053858C2A8C0C9D0066DA07 /* MapListView.swift */ = {isa = PBXFileReference; lastKnownFileType = sourcecode.swift; path = MapListView.swift; sourceTree = "<group>"; };
		D053858E2A8C0CAC0066DA07 /* ProductListView.swift */ = {isa = PBXFileReference; lastKnownFileType = sourcecode.swift; path = ProductListView.swift; sourceTree = "<group>"; };
		D05385922A8C0CDC0066DA07 /* Subscriptions.swift */ = {isa = PBXFileReference; lastKnownFileType = sourcecode.swift; path = Subscriptions.swift; sourceTree = "<group>"; };
		D05385942A8C0CEB0066DA07 /* Coverage.swift */ = {isa = PBXFileReference; lastKnownFileType = sourcecode.swift; path = Coverage.swift; sourceTree = "<group>"; };
		D05385962A8C0CFD0066DA07 /* DeviceView.swift */ = {isa = PBXFileReference; lastKnownFileType = sourcecode.swift; path = DeviceView.swift; sourceTree = "<group>"; };
		D05385982A8C0D130066DA07 /* ServiceView.swift */ = {isa = PBXFileReference; lastKnownFileType = sourcecode.swift; path = ServiceView.swift; sourceTree = "<group>"; };
		D053859A2A8C0D620066DA07 /* Password.swift */ = {isa = PBXFileReference; lastKnownFileType = sourcecode.swift; path = Password.swift; sourceTree = "<group>"; };
		D053859D2A8C0D9F0066DA07 /* ShowListButton.swift */ = {isa = PBXFileReference; lastKnownFileType = sourcecode.swift; path = ShowListButton.swift; sourceTree = "<group>"; };
		D053859F2A8C0DB50066DA07 /* SearchHereButton.swift */ = {isa = PBXFileReference; lastKnownFileType = sourcecode.swift; path = SearchHereButton.swift; sourceTree = "<group>"; };
		D05385A12A8C0DC60066DA07 /* SupportBar.swift */ = {isa = PBXFileReference; lastKnownFileType = sourcecode.swift; path = SupportBar.swift; sourceTree = "<group>"; };
		D05385A32A8C0DD70066DA07 /* DevicesCard.swift */ = {isa = PBXFileReference; lastKnownFileType = sourcecode.swift; path = DevicesCard.swift; sourceTree = "<group>"; };
		D05385A52A8C0DE70066DA07 /* SupportToolsButtons.swift */ = {isa = PBXFileReference; lastKnownFileType = sourcecode.swift; path = SupportToolsButtons.swift; sourceTree = "<group>"; };
		D05385A72A8C0DF30066DA07 /* divider.swift */ = {isa = PBXFileReference; lastKnownFileType = sourcecode.swift; path = divider.swift; sourceTree = "<group>"; };
		D05385A92A8C0E020066DA07 /* ServiceCard.swift */ = {isa = PBXFileReference; lastKnownFileType = sourcecode.swift; path = ServiceCard.swift; sourceTree = "<group>"; };
		D05385AB2A8C0E120066DA07 /* Scroll VIew.swift */ = {isa = PBXFileReference; lastKnownFileType = sourcecode.swift; path = "Scroll VIew.swift"; sourceTree = "<group>"; };
		D05385AD2A8C0E220066DA07 /* ServicesScrollView.swift */ = {isa = PBXFileReference; lastKnownFileType = sourcecode.swift; path = ServicesScrollView.swift; sourceTree = "<group>"; };
		D05385AF2A8C0E310066DA07 /* ProductsScrollView.swift */ = {isa = PBXFileReference; lastKnownFileType = sourcecode.swift; path = ProductsScrollView.swift; sourceTree = "<group>"; };
		D05385B12A8C0E3E0066DA07 /* ProductCard.swift */ = {isa = PBXFileReference; lastKnownFileType = sourcecode.swift; path = ProductCard.swift; sourceTree = "<group>"; };
		D07186322A8C12F400D6F600 /* ProfileView.swift */ = {isa = PBXFileReference; lastKnownFileType = sourcecode.swift; path = ProfileView.swift; sourceTree = "<group>"; };
		D0D360542A8C07770078C18A /* SupportApp.app */ = {isa = PBXFileReference; explicitFileType = wrapper.application; includeInIndex = 0; path = SupportApp.app; sourceTree = BUILT_PRODUCTS_DIR; };
		D0D360572A8C07770078C18A /* SupportAppApp.swift */ = {isa = PBXFileReference; lastKnownFileType = sourcecode.swift; path = SupportAppApp.swift; sourceTree = "<group>"; };
		D0D360592A8C07770078C18A /* ContentView.swift */ = {isa = PBXFileReference; lastKnownFileType = sourcecode.swift; path = ContentView.swift; sourceTree = "<group>"; };
		D0D3605B2A8C07780078C18A /* Assets.xcassets */ = {isa = PBXFileReference; lastKnownFileType = folder.assetcatalog; path = Assets.xcassets; sourceTree = "<group>"; };
		D0D3605E2A8C07780078C18A /* Preview Assets.xcassets */ = {isa = PBXFileReference; lastKnownFileType = folder.assetcatalog; path = "Preview Assets.xcassets"; sourceTree = "<group>"; };
		FD2374562A8C123800CF0147 /* DevicesSheetView.swift */ = {isa = PBXFileReference; lastKnownFileType = sourcecode.swift; path = DevicesSheetView.swift; sourceTree = "<group>"; };
		FD2374582A8C1B4600CF0147 /* ServiceSheetView.swift */ = {isa = PBXFileReference; lastKnownFileType = sourcecode.swift; path = ServiceSheetView.swift; sourceTree = "<group>"; };
		FD23745A2A8D346000CF0147 /* MoreProductsView.swift */ = {isa = PBXFileReference; lastKnownFileType = sourcecode.swift; path = MoreProductsView.swift; sourceTree = "<group>"; };
/* End PBXFileReference section */

/* Begin PBXFrameworksBuildPhase section */
		D0D360512A8C07770078C18A /* Frameworks */ = {
			isa = PBXFrameworksBuildPhase;
			buildActionMask = 2147483647;
			files = (
			);
			runOnlyForDeploymentPostprocessing = 0;
		};
/* End PBXFrameworksBuildPhase section */

/* Begin PBXGroup section */
		D05385742A8C0B6E0066DA07 /* View Models */ = {
			isa = PBXGroup;
			children = (
				D05385752A8C0B920066DA07 /* DeviceViewModel.swift */,
				D05385772A8C0BA40066DA07 /* ServiceViewModel.swift */,
				D05385792A8C0BB40066DA07 /* ProductsViewModel.swift */,
				D04D35CB2A8D626600EA2693 /* SupportToolsDeviceDetailViewModel.swift */,
			);
			path = "View Models";
			sourceTree = "<group>";
		};
		D053857B2A8C0BD20066DA07 /* Models */ = {
			isa = PBXGroup;
			children = (
				D04D35C92A8D60E600EA2693 /* SupportToolsDeviceDetailModel.swift */,
				D053857C2A8C0BDD0066DA07 /* DeviceModel.swift */,
				D05385802A8C0C080066DA07 /* ProductModel.swift */,
				D053857E2A8C0BF00066DA07 /* ServiceModel.swift */,
			);
			path = Models;
			sourceTree = "<group>";
		};
		D05385832A8C0C360066DA07 /* Views */ = {
			isa = PBXGroup;
			children = (
				D05385842A8C0C5A0066DA07 /* SupportView.swift */,
				D05385862A8C0C690066DA07 /* MapView.swift */,
				D05385882A8C0C760066DA07 /* ActivityView.swift */,
				D053858A2A8C0C8C0066DA07 /* MapSearchView.swift */,
				D053858C2A8C0C9D0066DA07 /* MapListView.swift */,
				D053858E2A8C0CAC0066DA07 /* ProductListView.swift */,
				D07186322A8C12F400D6F600 /* ProfileView.swift */,
				D04D35C02A8D417900EA2693 /* DevicesDetailView.swift */,
				D04D35C22A8D475B00EA2693 /* ListView.swift */,
			);
			path = Views;
			sourceTree = "<group>";
		};
		D05385912A8C0CC40066DA07 /* Sheets */ = {
			isa = PBXGroup;
			children = (
				D05385922A8C0CDC0066DA07 /* Subscriptions.swift */,
				D05385942A8C0CEB0066DA07 /* Coverage.swift */,
				D05385962A8C0CFD0066DA07 /* DeviceView.swift */,
				D05385982A8C0D130066DA07 /* ServiceView.swift */,
				D053859A2A8C0D620066DA07 /* Password.swift */,
				FD2374562A8C123800CF0147 /* DevicesSheetView.swift */,
				FD2374582A8C1B4600CF0147 /* ServiceSheetView.swift */,
				FD23745A2A8D346000CF0147 /* MoreProductsView.swift */,
			);
			path = Sheets;
			sourceTree = "<group>";
		};
		D053859C2A8C0D870066DA07 /* Components */ = {
			isa = PBXGroup;
			children = (
				D053859D2A8C0D9F0066DA07 /* ShowListButton.swift */,
				D053859F2A8C0DB50066DA07 /* SearchHereButton.swift */,
				D05385A12A8C0DC60066DA07 /* SupportBar.swift */,
				D05385A32A8C0DD70066DA07 /* DevicesCard.swift */,
				D05385A52A8C0DE70066DA07 /* SupportToolsButtons.swift */,
				D05385A72A8C0DF30066DA07 /* divider.swift */,
				D05385A92A8C0E020066DA07 /* ServiceCard.swift */,
				D05385AB2A8C0E120066DA07 /* Scroll VIew.swift */,
				D05385AD2A8C0E220066DA07 /* ServicesScrollView.swift */,
				D05385AF2A8C0E310066DA07 /* ProductsScrollView.swift */,
				D05385B12A8C0E3E0066DA07 /* ProductCard.swift */,
				D04D35C42A8D588900EA2693 /* ServiceDetailCard.swift */,
				D04D35C62A8D5ABC00EA2693 /* ServiceDetailCardScrollView.swift */,
				D04D35CD2A8D641E00EA2693 /* SupportToolsDetailDeviceCards.swift */,
				D04D35CF2A8D666E00EA2693 /* SupportToolsDeviceDetailList.swift */,
			);
			path = Components;
			sourceTree = "<group>";
		};
		D0D3604B2A8C07770078C18A = {
			isa = PBXGroup;
			children = (
				D053859C2A8C0D870066DA07 /* Components */,
				D05385912A8C0CC40066DA07 /* Sheets */,
				D05385832A8C0C360066DA07 /* Views */,
				D053857B2A8C0BD20066DA07 /* Models */,
				D05385742A8C0B6E0066DA07 /* View Models */,
				D0D360562A8C07770078C18A /* SupportApp */,
				D0D360552A8C07770078C18A /* Products */,
			);
			sourceTree = "<group>";
		};
		D0D360552A8C07770078C18A /* Products */ = {
			isa = PBXGroup;
			children = (
				D0D360542A8C07770078C18A /* SupportApp.app */,
			);
			name = Products;
			sourceTree = "<group>";
		};
		D0D360562A8C07770078C18A /* SupportApp */ = {
			isa = PBXGroup;
			children = (
				D0D360572A8C07770078C18A /* SupportAppApp.swift */,
				D0D360592A8C07770078C18A /* ContentView.swift */,
				D0D3605B2A8C07780078C18A /* Assets.xcassets */,
				D0D3605D2A8C07780078C18A /* Preview Content */,
			);
			path = SupportApp;
			sourceTree = "<group>";
		};
		D0D3605D2A8C07780078C18A /* Preview Content */ = {
			isa = PBXGroup;
			children = (
				D0D3605E2A8C07780078C18A /* Preview Assets.xcassets */,
			);
			path = "Preview Content";
			sourceTree = "<group>";
		};
/* End PBXGroup section */

/* Begin PBXNativeTarget section */
		D0D360532A8C07770078C18A /* SupportApp */ = {
			isa = PBXNativeTarget;
			buildConfigurationList = D0D360622A8C07780078C18A /* Build configuration list for PBXNativeTarget "SupportApp" */;
			buildPhases = (
				D0D360502A8C07770078C18A /* Sources */,
				D0D360512A8C07770078C18A /* Frameworks */,
				D0D360522A8C07770078C18A /* Resources */,
			);
			buildRules = (
			);
			dependencies = (
			);
			name = SupportApp;
			productName = SupportApp;
			productReference = D0D360542A8C07770078C18A /* SupportApp.app */;
			productType = "com.apple.product-type.application";
		};
/* End PBXNativeTarget section */

/* Begin PBXProject section */
		D0D3604C2A8C07770078C18A /* Project object */ = {
			isa = PBXProject;
			attributes = {
				BuildIndependentTargetsInParallel = 1;
				LastSwiftUpdateCheck = 1430;
				LastUpgradeCheck = 1430;
				TargetAttributes = {
					D0D360532A8C07770078C18A = {
						CreatedOnToolsVersion = 14.3.1;
					};
				};
			};
			buildConfigurationList = D0D3604F2A8C07770078C18A /* Build configuration list for PBXProject "SupportApp" */;
			compatibilityVersion = "Xcode 14.0";
			developmentRegion = en;
			hasScannedForEncodings = 0;
			knownRegions = (
				en,
				Base,
			);
			mainGroup = D0D3604B2A8C07770078C18A;
			productRefGroup = D0D360552A8C07770078C18A /* Products */;
			projectDirPath = "";
			projectRoot = "";
			targets = (
				D0D360532A8C07770078C18A /* SupportApp */,
			);
		};
/* End PBXProject section */

/* Begin PBXResourcesBuildPhase section */
		D0D360522A8C07770078C18A /* Resources */ = {
			isa = PBXResourcesBuildPhase;
			buildActionMask = 2147483647;
			files = (
				D0D3605F2A8C07780078C18A /* Preview Assets.xcassets in Resources */,
				D0D3605C2A8C07780078C18A /* Assets.xcassets in Resources */,
			);
			runOnlyForDeploymentPostprocessing = 0;
		};
/* End PBXResourcesBuildPhase section */

/* Begin PBXSourcesBuildPhase section */
		D0D360502A8C07770078C18A /* Sources */ = {
			isa = PBXSourcesBuildPhase;
			buildActionMask = 2147483647;
			files = (
				D05385892A8C0C760066DA07 /* ActivityView.swift in Sources */,
				D05385A62A8C0DE70066DA07 /* SupportToolsButtons.swift in Sources */,
				D04D35C12A8D417900EA2693 /* DevicesDetailView.swift in Sources */,
				FD2374572A8C123800CF0147 /* DevicesSheetView.swift in Sources */,
				D05385762A8C0B920066DA07 /* DeviceViewModel.swift in Sources */,
				D053858F2A8C0CAC0066DA07 /* ProductListView.swift in Sources */,
				D04D35D02A8D666E00EA2693 /* SupportToolsDeviceDetailList.swift in Sources */,
				D053858D2A8C0C9D0066DA07 /* MapListView.swift in Sources */,
				D04D35CC2A8D626600EA2693 /* SupportToolsDeviceDetailViewModel.swift in Sources */,
				D05385AC2A8C0E120066DA07 /* Scroll VIew.swift in Sources */,
				D0D3605A2A8C07770078C18A /* ContentView.swift in Sources */,
				D05385B02A8C0E310066DA07 /* ProductsScrollView.swift in Sources */,
				D05385952A8C0CEB0066DA07 /* Coverage.swift in Sources */,
				D05385782A8C0BA40066DA07 /* ServiceViewModel.swift in Sources */,
				D04D35C52A8D588900EA2693 /* ServiceDetailCard.swift in Sources */,
				D05385AE2A8C0E220066DA07 /* ServicesScrollView.swift in Sources */,
				D053859B2A8C0D620066DA07 /* Password.swift in Sources */,
				D05385932A8C0CDC0066DA07 /* Subscriptions.swift in Sources */,
				D053857A2A8C0BB40066DA07 /* ProductsViewModel.swift in Sources */,
				D05385A42A8C0DD70066DA07 /* DevicesCard.swift in Sources */,
				D053858B2A8C0C8C0066DA07 /* MapSearchView.swift in Sources */,
				D053857F2A8C0BF00066DA07 /* ServiceModel.swift in Sources */,
				D04D35C72A8D5ABC00EA2693 /* ServiceDetailCardScrollView.swift in Sources */,
				D04D35C32A8D475B00EA2693 /* ListView.swift in Sources */,
				D0D360582A8C07770078C18A /* SupportAppApp.swift in Sources */,
				D07186332A8C12F400D6F600 /* ProfileView.swift in Sources */,
				D05385852A8C0C5A0066DA07 /* SupportView.swift in Sources */,
				D05385872A8C0C690066DA07 /* MapView.swift in Sources */,
				D053857D2A8C0BDD0066DA07 /* DeviceModel.swift in Sources */,
				FD2374592A8C1B4600CF0147 /* ServiceSheetView.swift in Sources */,
				FD23745B2A8D346000CF0147 /* MoreProductsView.swift in Sources */,
				D053859E2A8C0D9F0066DA07 /* ShowListButton.swift in Sources */,
				D04D35CE2A8D641E00EA2693 /* SupportToolsDetailDeviceCards.swift in Sources */,
				D05385812A8C0C080066DA07 /* ProductModel.swift in Sources */,
				D05385B22A8C0E3E0066DA07 /* ProductCard.swift in Sources */,
				D05385992A8C0D130066DA07 /* ServiceView.swift in Sources */,
				D05385972A8C0CFD0066DA07 /* DeviceView.swift in Sources */,
				D04D35CA2A8D60E600EA2693 /* SupportToolsDeviceDetailModel.swift in Sources */,
				D05385A02A8C0DB50066DA07 /* SearchHereButton.swift in Sources */,
				D05385A22A8C0DC60066DA07 /* SupportBar.swift in Sources */,
				D05385A82A8C0DF30066DA07 /* divider.swift in Sources */,
				D05385AA2A8C0E020066DA07 /* ServiceCard.swift in Sources */,
			);
			runOnlyForDeploymentPostprocessing = 0;
		};
/* End PBXSourcesBuildPhase section */

/* Begin XCBuildConfiguration section */
		D0D360602A8C07780078C18A /* Debug */ = {
			isa = XCBuildConfiguration;
			buildSettings = {
				ALWAYS_SEARCH_USER_PATHS = NO;
				CLANG_ANALYZER_NONNULL = YES;
				CLANG_ANALYZER_NUMBER_OBJECT_CONVERSION = YES_AGGRESSIVE;
				CLANG_CXX_LANGUAGE_STANDARD = "gnu++20";
				CLANG_ENABLE_MODULES = YES;
				CLANG_ENABLE_OBJC_ARC = YES;
				CLANG_ENABLE_OBJC_WEAK = YES;
				CLANG_WARN_BLOCK_CAPTURE_AUTORELEASING = YES;
				CLANG_WARN_BOOL_CONVERSION = YES;
				CLANG_WARN_COMMA = YES;
				CLANG_WARN_CONSTANT_CONVERSION = YES;
				CLANG_WARN_DEPRECATED_OBJC_IMPLEMENTATIONS = YES;
				CLANG_WARN_DIRECT_OBJC_ISA_USAGE = YES_ERROR;
				CLANG_WARN_DOCUMENTATION_COMMENTS = YES;
				CLANG_WARN_EMPTY_BODY = YES;
				CLANG_WARN_ENUM_CONVERSION = YES;
				CLANG_WARN_INFINITE_RECURSION = YES;
				CLANG_WARN_INT_CONVERSION = YES;
				CLANG_WARN_NON_LITERAL_NULL_CONVERSION = YES;
				CLANG_WARN_OBJC_IMPLICIT_RETAIN_SELF = YES;
				CLANG_WARN_OBJC_LITERAL_CONVERSION = YES;
				CLANG_WARN_OBJC_ROOT_CLASS = YES_ERROR;
				CLANG_WARN_QUOTED_INCLUDE_IN_FRAMEWORK_HEADER = YES;
				CLANG_WARN_RANGE_LOOP_ANALYSIS = YES;
				CLANG_WARN_STRICT_PROTOTYPES = YES;
				CLANG_WARN_SUSPICIOUS_MOVE = YES;
				CLANG_WARN_UNGUARDED_AVAILABILITY = YES_AGGRESSIVE;
				CLANG_WARN_UNREACHABLE_CODE = YES;
				CLANG_WARN__DUPLICATE_METHOD_MATCH = YES;
				COPY_PHASE_STRIP = NO;
				DEBUG_INFORMATION_FORMAT = dwarf;
				ENABLE_STRICT_OBJC_MSGSEND = YES;
				ENABLE_TESTABILITY = YES;
				GCC_C_LANGUAGE_STANDARD = gnu11;
				GCC_DYNAMIC_NO_PIC = NO;
				GCC_NO_COMMON_BLOCKS = YES;
				GCC_OPTIMIZATION_LEVEL = 0;
				GCC_PREPROCESSOR_DEFINITIONS = (
					"DEBUG=1",
					"$(inherited)",
				);
				GCC_WARN_64_TO_32_BIT_CONVERSION = YES;
				GCC_WARN_ABOUT_RETURN_TYPE = YES_ERROR;
				GCC_WARN_UNDECLARED_SELECTOR = YES;
				GCC_WARN_UNINITIALIZED_AUTOS = YES_AGGRESSIVE;
				GCC_WARN_UNUSED_FUNCTION = YES;
				GCC_WARN_UNUSED_VARIABLE = YES;
				IPHONEOS_DEPLOYMENT_TARGET = 16.4;
				MTL_ENABLE_DEBUG_INFO = INCLUDE_SOURCE;
				MTL_FAST_MATH = YES;
				ONLY_ACTIVE_ARCH = YES;
				SDKROOT = iphoneos;
				SWIFT_ACTIVE_COMPILATION_CONDITIONS = DEBUG;
				SWIFT_OPTIMIZATION_LEVEL = "-Onone";
			};
			name = Debug;
		};
		D0D360612A8C07780078C18A /* Release */ = {
			isa = XCBuildConfiguration;
			buildSettings = {
				ALWAYS_SEARCH_USER_PATHS = NO;
				CLANG_ANALYZER_NONNULL = YES;
				CLANG_ANALYZER_NUMBER_OBJECT_CONVERSION = YES_AGGRESSIVE;
				CLANG_CXX_LANGUAGE_STANDARD = "gnu++20";
				CLANG_ENABLE_MODULES = YES;
				CLANG_ENABLE_OBJC_ARC = YES;
				CLANG_ENABLE_OBJC_WEAK = YES;
				CLANG_WARN_BLOCK_CAPTURE_AUTORELEASING = YES;
				CLANG_WARN_BOOL_CONVERSION = YES;
				CLANG_WARN_COMMA = YES;
				CLANG_WARN_CONSTANT_CONVERSION = YES;
				CLANG_WARN_DEPRECATED_OBJC_IMPLEMENTATIONS = YES;
				CLANG_WARN_DIRECT_OBJC_ISA_USAGE = YES_ERROR;
				CLANG_WARN_DOCUMENTATION_COMMENTS = YES;
				CLANG_WARN_EMPTY_BODY = YES;
				CLANG_WARN_ENUM_CONVERSION = YES;
				CLANG_WARN_INFINITE_RECURSION = YES;
				CLANG_WARN_INT_CONVERSION = YES;
				CLANG_WARN_NON_LITERAL_NULL_CONVERSION = YES;
				CLANG_WARN_OBJC_IMPLICIT_RETAIN_SELF = YES;
				CLANG_WARN_OBJC_LITERAL_CONVERSION = YES;
				CLANG_WARN_OBJC_ROOT_CLASS = YES_ERROR;
				CLANG_WARN_QUOTED_INCLUDE_IN_FRAMEWORK_HEADER = YES;
				CLANG_WARN_RANGE_LOOP_ANALYSIS = YES;
				CLANG_WARN_STRICT_PROTOTYPES = YES;
				CLANG_WARN_SUSPICIOUS_MOVE = YES;
				CLANG_WARN_UNGUARDED_AVAILABILITY = YES_AGGRESSIVE;
				CLANG_WARN_UNREACHABLE_CODE = YES;
				CLANG_WARN__DUPLICATE_METHOD_MATCH = YES;
				COPY_PHASE_STRIP = NO;
				DEBUG_INFORMATION_FORMAT = "dwarf-with-dsym";
				ENABLE_NS_ASSERTIONS = NO;
				ENABLE_STRICT_OBJC_MSGSEND = YES;
				GCC_C_LANGUAGE_STANDARD = gnu11;
				GCC_NO_COMMON_BLOCKS = YES;
				GCC_WARN_64_TO_32_BIT_CONVERSION = YES;
				GCC_WARN_ABOUT_RETURN_TYPE = YES_ERROR;
				GCC_WARN_UNDECLARED_SELECTOR = YES;
				GCC_WARN_UNINITIALIZED_AUTOS = YES_AGGRESSIVE;
				GCC_WARN_UNUSED_FUNCTION = YES;
				GCC_WARN_UNUSED_VARIABLE = YES;
				IPHONEOS_DEPLOYMENT_TARGET = 16.4;
				MTL_ENABLE_DEBUG_INFO = NO;
				MTL_FAST_MATH = YES;
				SDKROOT = iphoneos;
				SWIFT_COMPILATION_MODE = wholemodule;
				SWIFT_OPTIMIZATION_LEVEL = "-O";
				VALIDATE_PRODUCT = YES;
			};
			name = Release;
		};
		D0D360632A8C07780078C18A /* Debug */ = {
			isa = XCBuildConfiguration;
			buildSettings = {
				ASSETCATALOG_COMPILER_APPICON_NAME = AppIcon;
				ASSETCATALOG_COMPILER_GLOBAL_ACCENT_COLOR_NAME = AccentColor;
				CODE_SIGN_STYLE = Automatic;
				CURRENT_PROJECT_VERSION = 1;
				DEVELOPMENT_ASSET_PATHS = "\"SupportApp/Preview Content\"";
				DEVELOPMENT_TEAM = MV4AGAZ4C9;
				ENABLE_PREVIEWS = YES;
				GENERATE_INFOPLIST_FILE = YES;
				INFOPLIST_KEY_UIApplicationSceneManifest_Generation = YES;
				INFOPLIST_KEY_UIApplicationSupportsIndirectInputEvents = YES;
				INFOPLIST_KEY_UILaunchScreen_Generation = YES;
				INFOPLIST_KEY_UISupportedInterfaceOrientations_iPad = "UIInterfaceOrientationPortrait UIInterfaceOrientationPortraitUpsideDown UIInterfaceOrientationLandscapeLeft UIInterfaceOrientationLandscapeRight";
				INFOPLIST_KEY_UISupportedInterfaceOrientations_iPhone = "UIInterfaceOrientationPortrait UIInterfaceOrientationLandscapeLeft UIInterfaceOrientationLandscapeRight";
				LD_RUNPATH_SEARCH_PATHS = (
					"$(inherited)",
					"@executable_path/Frameworks",
				);
				MARKETING_VERSION = 1.0;
				PRODUCT_BUNDLE_IDENTIFIER = br.serpavinicus.SupportApp;
				PRODUCT_NAME = "$(TARGET_NAME)";
				SWIFT_EMIT_LOC_STRINGS = YES;
				SWIFT_VERSION = 5.0;
				TARGETED_DEVICE_FAMILY = "1,2";
			};
			name = Debug;
		};
		D0D360642A8C07780078C18A /* Release */ = {
			isa = XCBuildConfiguration;
			buildSettings = {
				ASSETCATALOG_COMPILER_APPICON_NAME = AppIcon;
				ASSETCATALOG_COMPILER_GLOBAL_ACCENT_COLOR_NAME = AccentColor;
				CODE_SIGN_STYLE = Automatic;
				CURRENT_PROJECT_VERSION = 1;
				DEVELOPMENT_ASSET_PATHS = "\"SupportApp/Preview Content\"";
				DEVELOPMENT_TEAM = MV4AGAZ4C9;
				ENABLE_PREVIEWS = YES;
				GENERATE_INFOPLIST_FILE = YES;
				INFOPLIST_KEY_UIApplicationSceneManifest_Generation = YES;
				INFOPLIST_KEY_UIApplicationSupportsIndirectInputEvents = YES;
				INFOPLIST_KEY_UILaunchScreen_Generation = YES;
				INFOPLIST_KEY_UISupportedInterfaceOrientations_iPad = "UIInterfaceOrientationPortrait UIInterfaceOrientationPortraitUpsideDown UIInterfaceOrientationLandscapeLeft UIInterfaceOrientationLandscapeRight";
				INFOPLIST_KEY_UISupportedInterfaceOrientations_iPhone = "UIInterfaceOrientationPortrait UIInterfaceOrientationLandscapeLeft UIInterfaceOrientationLandscapeRight";
				LD_RUNPATH_SEARCH_PATHS = (
					"$(inherited)",
					"@executable_path/Frameworks",
				);
				MARKETING_VERSION = 1.0;
				PRODUCT_BUNDLE_IDENTIFIER = br.serpavinicus.SupportApp;
				PRODUCT_NAME = "$(TARGET_NAME)";
				SWIFT_EMIT_LOC_STRINGS = YES;
				SWIFT_VERSION = 5.0;
				TARGETED_DEVICE_FAMILY = "1,2";
			};
			name = Release;
		};
/* End XCBuildConfiguration section */

/* Begin XCConfigurationList section */
		D0D3604F2A8C07770078C18A /* Build configuration list for PBXProject "SupportApp" */ = {
			isa = XCConfigurationList;
			buildConfigurations = (
				D0D360602A8C07780078C18A /* Debug */,
				D0D360612A8C07780078C18A /* Release */,
			);
			defaultConfigurationIsVisible = 0;
			defaultConfigurationName = Release;
		};
		D0D360622A8C07780078C18A /* Build configuration list for PBXNativeTarget "SupportApp" */ = {
			isa = XCConfigurationList;
			buildConfigurations = (
				D0D360632A8C07780078C18A /* Debug */,
				D0D360642A8C07780078C18A /* Release */,
			);
			defaultConfigurationIsVisible = 0;
			defaultConfigurationName = Release;
		};
/* End XCConfigurationList section */
	};
	rootObject = D0D3604C2A8C07770078C18A /* Project object */;
}
